<?xml version="1.0" encoding="utf-8"?>
<Project xmlns="http://schemas.microsoft.com/developer/msbuild/2003" ToolsVersion="4.0">
  <ItemGroup>
    <Filter Include="Header Files">
      <UniqueIdentifier>{4D1BFFCC-9CEB-4ABF-A951-582870FE71FD}</UniqueIdentifier>
      <Extensions>h;hpp;hxx;hm;inl;inc;xsd</Extensions>
    </Filter>
    <Filter Include="Header Files\TouchGFX">
      <UniqueIdentifier>{29C60541-803D-4F43-8683-028D9DA5E0CB}</UniqueIdentifier>
    </Filter>
    <Filter Include="Header Files\TouchGFX\common">
      <UniqueIdentifier>{AF2BF67C-89EC-4545-B0D2-5BD6803628D4}</UniqueIdentifier>
    </Filter>
    <Filter Include="Header Files\TouchGFX\mvp">
      <UniqueIdentifier>{A8F51E02-A400-49F1-AC86-371872A7E5E6}</UniqueIdentifier>
    </Filter>
    <Filter Include="Header Files\TouchGFX\platform">
      <UniqueIdentifier>{493CF637-721C-4516-8638-3EE4790FB455}</UniqueIdentifier>
    </Filter>
    <Filter Include="Header Files\TouchGFX\touchgfx">
      <UniqueIdentifier>{7187028B-6482-4EB3-8556-EECD38E0636B}</UniqueIdentifier>
    </Filter>
    <Filter Include="Header Files\TouchGFX\platform\driver">
      <UniqueIdentifier>{D2E6B448-6B79-434F-A8EB-C8F8415957E9}</UniqueIdentifier>
    </Filter>
    <Filter Include="Header Files\TouchGFX\platform\hal">
      <UniqueIdentifier>{07737357-9365-4A8F-B2F6-908B5FC4E808}</UniqueIdentifier>
    </Filter>
    <Filter Include="Header Files\TouchGFX\touchgfx\canvas_widget_renderer">
      <UniqueIdentifier>{085B248B-6BE1-4BF8-9913-35526BAEE4C7}</UniqueIdentifier>
    </Filter>
    <Filter Include="Header Files\TouchGFX\touchgfx\containers">
      <UniqueIdentifier>{E08C6B18-2F0E-4861-87D5-80FB0411017E}</UniqueIdentifier>
    </Filter>
    <Filter Include="Header Files\TouchGFX\touchgfx\events">
      <UniqueIdentifier>{29D72404-E5CB-472C-B00F-3784DF3CCD1E}</UniqueIdentifier>
    </Filter>
    <Filter Include="Header Files\TouchGFX\touchgfx\hal">
      <UniqueIdentifier>{09561B72-532B-45EB-8E32-CAA31C349F83}</UniqueIdentifier>
    </Filter>
    <Filter Include="Header Files\TouchGFX\touchgfx\lcd">
      <UniqueIdentifier>{A89B6308-CBC1-48EC-BF14-B3C6106FACCE}</UniqueIdentifier>
    </Filter>
    <Filter Include="Header Files\TouchGFX\touchgfx\mixins">
      <UniqueIdentifier>{DB82A963-BE52-4494-BD5E-358C5E79C081}</UniqueIdentifier>
    </Filter>
    <Filter Include="Header Files\TouchGFX\touchgfx\transforms">
      <UniqueIdentifier>{509E01BB-FBF4-4198-B748-936C1B67839A}</UniqueIdentifier>
    </Filter>
    <Filter Include="Header Files\TouchGFX\touchgfx\transitions">
      <UniqueIdentifier>{3F023E56-225A-4D4C-9D20-74447A23BAD9}</UniqueIdentifier>
    </Filter>
    <Filter Include="Header Files\TouchGFX\touchgfx\widgets">
      <UniqueIdentifier>{0E9A8FD3-B71B-46B9-B1F6-3A18292FFAC4}</UniqueIdentifier>
    </Filter>
    <Filter Include="Header Files\TouchGFX\platform\driver\lcd">
      <UniqueIdentifier>{9B32A742-EBA9-4EBA-832E-0421D7E68BC5}</UniqueIdentifier>
    </Filter>
    <Filter Include="Header Files\TouchGFX\platform\driver\touch">
      <UniqueIdentifier>{8C31441B-2191-4B32-869D-7B253AECB28F}</UniqueIdentifier>
    </Filter>
    <Filter Include="Header Files\TouchGFX\platform\hal\simulator">
      <UniqueIdentifier>{464CC9FB-AFF6-4FFA-B4D8-BCAC4B2B8898}</UniqueIdentifier>
    </Filter>
    <Filter Include="Header Files\TouchGFX\touchgfx\containers\clock">
      <UniqueIdentifier>{B7237C13-DD69-4F78-8446-9A554431E3F8}</UniqueIdentifier>
    </Filter>
    <Filter Include="Header Files\TouchGFX\touchgfx\containers\progress_indicators">
      <UniqueIdentifier>{5E0E884F-0059-4306-94BA-3197219750E3}</UniqueIdentifier>
    </Filter>
    <Filter Include="Header Files\TouchGFX\touchgfx\widgets\canvas">
      <UniqueIdentifier>{DBFF640A-BD63-40BC-A0A5-2468BC461037}</UniqueIdentifier>
    </Filter>
    <Filter Include="Header Files\TouchGFX\platform\hal\simulator\sdl2">
      <UniqueIdentifier>{EA3962C0-553C-4CFD-A89B-A116A9493818}</UniqueIdentifier>
    </Filter>
    <Filter Include="Header Files\generated">
      <UniqueIdentifier>{29C60541-803D-4F44-8783-028D9DA5E0CC}</UniqueIdentifier>
    </Filter>
    <Filter Include="Header Files\generated\simulator">
      <UniqueIdentifier>{29C60541-803D-4F43-8683-028D9DA5E0CC}</UniqueIdentifier>
    </Filter>
    <Filter Include="Resource Files">
      <UniqueIdentifier>{92BBFF14-FBDB-4755-BA47-A830D863D92B}</UniqueIdentifier>
      <Extensions>rc;ico;cur;bmp;dlg;rc2;rct;bin;rgs;gif;jpg;jpeg;jpe;resx;tiff;tif;ttf;otf;bdf;png;wav;xml;props;mfcribbon-ms</Extensions>
    </Filter>
    <Filter Include="Resource Files\assets">
      <UniqueIdentifier>{AF899B0F-78BE-47F9-A912-E92CB9156E40}</UniqueIdentifier>
    </Filter>
    <Filter Include="Resource Files\config">
      <UniqueIdentifier>{29E8A9F8-6504-4625-AB47-671A3F665E51}</UniqueIdentifier>
    </Filter>
    <Filter Include="Resource Files\assets\texts">
      <UniqueIdentifier>{382278FD-2B19-4E89-AE4F-24AF77E7A270}</UniqueIdentifier>
    </Filter>
    <Filter Include="Resource Files\config\msvs">
      <UniqueIdentifier>{C24EAEDB-9A3F-43DC-87FB-C7AC2729A078}</UniqueIdentifier>
    </Filter>
    <Filter Include="Source Files">
      <UniqueIdentifier>{2F3FC0AA-97C4-4366-9939-94A0FF4E028C}</UniqueIdentifier>
      <Extensions>cpp;c;cc;cxx;def;odl;idl;hpj;bat;asm;asmx</Extensions>
    </Filter>
    <Filter Include="Source Files\TouchGFX">
      <UniqueIdentifier>{C07B02A9-A55E-47AA-AD61-59A6AAD754E6}</UniqueIdentifier>
    </Filter>
    <Filter Include="Source Files\TouchGFX\platform">
      <UniqueIdentifier>{33EDC2DB-AF72-480C-92E5-2A2833BCAB6F}</UniqueIdentifier>
    </Filter>
    <Filter Include="Source Files\TouchGFX\platform\driver">
      <UniqueIdentifier>{1D8EFD90-430A-4539-9080-16A38861D20A}</UniqueIdentifier>
    </Filter>
    <Filter Include="Source Files\TouchGFX\platform\hal">
      <UniqueIdentifier>{E8DECBF2-0C8E-4397-8603-3101D6F922D6}</UniqueIdentifier>
    </Filter>
    <Filter Include="Source Files\TouchGFX\platform\driver\touch">
      <UniqueIdentifier>{40F0D55D-79D9-488A-AF83-ADC96179EADF}</UniqueIdentifier>
    </Filter>
    <Filter Include="Source Files\TouchGFX\platform\hal\simulator">
      <UniqueIdentifier>{3FB50DD5-31DA-4042-B7FD-2151C58CDA80}</UniqueIdentifier>
    </Filter>
    <Filter Include="Source Files\TouchGFX\platform\hal\simulator\sdl2">
      <UniqueIdentifier>{B48CB42B-0F9E-4815-BFE1-1ACC1150ED8A}</UniqueIdentifier>
    </Filter>
    <Filter Include="Source Files\simulator">
      <UniqueIdentifier>{C07B03A9-A55E-47AA-AD61-59A6AAD754E6}</UniqueIdentifier>
    </Filter>
    <Filter Include="Source Files\generated">
      <UniqueIdentifier>{C07B02B9-A55E-47AB-AD61-59A6AAD754E6}</UniqueIdentifier>
    </Filter>
    <Filter Include="Source Files\generated\simulator">
      <UniqueIdentifier>{C07B02B9-A55E-47AA-AD61-59A6AAD754E6}</UniqueIdentifier>
    </Filter>
    <Filter Include="Header Files\gui">
      <UniqueIdentifier>DF466CC8-D47C-4392-6D7E-6500A62AD688</UniqueIdentifier>
    </Filter>
    <Filter Include="Source Files\gui">
      <UniqueIdentifier>E98D28A1-344A-DC90-AA77-5DE7285E17C2</UniqueIdentifier>
    </Filter>
    <Filter Include="Source Files\gui\model">
      <UniqueIdentifier>F80FA99E-BCCC-1D02-6ACD-B3F4AF9A17A9</UniqueIdentifier>
    </Filter>
    <Filter Include="Source Files\gui\widget">
      <UniqueIdentifier>1AB45038-E062-C438-D9F1-548644B40684</UniqueIdentifier>
    </Filter>
    <Filter Include="Header Files\gui\can_screen">
      <UniqueIdentifier>B20092E9-9765-63EC-4E4B-64FDBD6E5914</UniqueIdentifier>
    </Filter>
    <Filter Include="Header Files\gui\model">
      <UniqueIdentifier>867036D1-3CFA-4012-EB4F-65393CE724E8</UniqueIdentifier>
    </Filter>
    <Filter Include="Header Files\generated\gui_generated">
      <UniqueIdentifier>E0EEF670-C660-16B0-A572-B3B6E9102D16</UniqueIdentifier>
    </Filter>
    <Filter Include="Source Files\gui\start_screen">
      <UniqueIdentifier>D1BD999B-6293-0D78-F5B6-EDFC63314F8D</UniqueIdentifier>
    </Filter>
    <Filter Include="Source Files\gui\rs232_screen">
      <UniqueIdentifier>D4FE22A4-CF7A-6ED1-9E9C-88FB4EE1915B</UniqueIdentifier>
    </Filter>
    <Filter Include="Source Files\generated\gui_generated">
      <UniqueIdentifier>2EE9C9AE-6CB6-97FC-C23D-0909553AC7DC</UniqueIdentifier>
    </Filter>
    <Filter Include="Header Files\gui\rs232_screen">
      <UniqueIdentifier>7C8CC011-7733-4B83-14D2-82833834E4AD</UniqueIdentifier>
    </Filter>
    <Filter Include="Header Files\gui\info_screen">
      <UniqueIdentifier>AC82142C-6D38-16AB-FEC3-E8EA9AD8A663</UniqueIdentifier>
    </Filter>
    <Filter Include="Source Files\gui\info_screen">
      <UniqueIdentifier>DCF37CC7-22CF-5DEC-CC4D-94E27EFB59BF</UniqueIdentifier>
    </Filter>
    <Filter Include="Source Files\gui\can_screen">
      <UniqueIdentifier>2475EB78-37C0-DA2C-6BD3-30E0FA925780</UniqueIdentifier>
    </Filter>
    <Filter Include="Source Files\gui\rs485_screen">
      <UniqueIdentifier>FDB090A3-5184-BE9E-AAF6-DD0169B37F91</UniqueIdentifier>
    </Filter>
    <Filter Include="Source Files\gui\common">
      <UniqueIdentifier>7E0BBEE1-9F10-D225-8648-9A7E9F412D93</UniqueIdentifier>
    </Filter>
    <Filter Include="Header Files\gui\rs485_screen">
      <UniqueIdentifier>ACB950DF-0225-65FB-8AEE-8ACF0BC68FEA</UniqueIdentifier>
    </Filter>
    <Filter Include="Header Files\gui\i2c_screen">
      <UniqueIdentifier>5BC77D00-3205-A44D-0712-2540C6252973</UniqueIdentifier>
    </Filter>
    <Filter Include="Source Files\gui\i2c_screen">
      <UniqueIdentifier>B6AE1CEE-9E5A-53F3-301C-60F44D7BA712</UniqueIdentifier>
    </Filter>
    <Filter Include="Header Files\gui\common">
      <UniqueIdentifier>37BF2009-A416-9AD4-7FDF-AB9F1232FA35</UniqueIdentifier>
    </Filter>
    <Filter Include="Header Files\gui\cdc_screen">
      <UniqueIdentifier>CBF91D96-C876-78D9-594B-07EE2E09B034</UniqueIdentifier>
    </Filter>
    <Filter Include="Header Files\gui\start_screen">
      <UniqueIdentifier>15D27F3A-EED7-A22B-ED89-48BDC66B7031</UniqueIdentifier>
    </Filter>
    <Filter Include="Source Files\gui\select_screen">
      <UniqueIdentifier>BEB9654B-1A79-C73F-5FBF-5A7D785EDED2</UniqueIdentifier>
    </Filter>
    <Filter Include="Source Files\gui\cdc_screen">
      <UniqueIdentifier>3939EBC8-5AC6-8BE8-58BA-50FFC8A008C8</UniqueIdentifier>
    </Filter>
    <Filter Include="Header Files\gui\select_screen">
      <UniqueIdentifier>3EDCCC11-AC5C-D0DF-E810-04FBAF93EF62</UniqueIdentifier>
    </Filter>
    <Filter Include="Header Files\gui\hid_screen">
      <UniqueIdentifier>840D07B0-00A0-7A66-5A01-6CAA2421684A</UniqueIdentifier>
    </Filter>
    <Filter Include="Source Files\gui\hid_screen">
      <UniqueIdentifier>9A1CECCA-7523-E174-755B-A05C0B38586D</UniqueIdentifier>
    </Filter>
    <Filter Include="Header Files\gui\spi_screen">
      <UniqueIdentifier>F8FA6431-5507-2A77-7F79-1E98AB3228EB</UniqueIdentifier>
    </Filter>
    <Filter Include="Header Files\gui\gpio_screen">
      <UniqueIdentifier>DA0C85F2-8778-DB8D-A4E7-73C358A5FA20</UniqueIdentifier>
    </Filter>
    <Filter Include="Source Files\gui\spi_screen">
      <UniqueIdentifier>B782ACA4-1F7A-9F17-ECA0-39EACC89ADF0</UniqueIdentifier>
    </Filter>
    <Filter Include="Source Files\gui\gpio_screen">
      <UniqueIdentifier>AD06405F-9E09-DAA9-BE5C-0101230DFE87</UniqueIdentifier>
    </Filter>
    <Filter Include="Source Files\generated\gui_generated\can_screen">
      <UniqueIdentifier>21D9DFB4-6646-D65F-5215-65F580378DE7</UniqueIdentifier>
    </Filter>
    <Filter Include="Header Files\generated\gui_generated\common">
      <UniqueIdentifier>21B43F83-5800-29A4-4631-A63B68C9FE4B</UniqueIdentifier>
    </Filter>
    <Filter Include="Source Files\generated\gui_generated\gpio_screen">
      <UniqueIdentifier>3F636A52-26AD-EAA9-A93B-C509B93D6702</UniqueIdentifier>
    </Filter>
    <Filter Include="Header Files\generated\simulator\include">
      <UniqueIdentifier>797ED513-9C02-BBF5-2ABF-485BF711A715</UniqueIdentifier>
    </Filter>
    <Filter Include="Source Files\generated\simulator\video">
      <UniqueIdentifier>A8C580A4-CE8C-8B75-6C8D-41856C6A7E96</UniqueIdentifier>
    </Filter>
    <Filter Include="Header Files\generated\gui_generated\can_screen">
      <UniqueIdentifier>A217940D-9892-402E-4CB9-B6D03902988A</UniqueIdentifier>
    </Filter>
    <Filter Include="Header Files\generated\gui_generated\select_screen">
      <UniqueIdentifier>120811C2-DD2D-A87B-C421-45F8ECC7F33A</UniqueIdentifier>
    </Filter>
    <Filter Include="Source Files\generated\gui_generated\select_screen">
      <UniqueIdentifier>C48472D6-40B1-2A8C-A297-4C4A4F5575FD</UniqueIdentifier>
    </Filter>
    <Filter Include="Header Files\generated\gui_generated\rs485_screen">
      <UniqueIdentifier>1390F1A6-92D5-024F-F4BC-6344774179F0</UniqueIdentifier>
    </Filter>
    <Filter Include="Source Files\generated\gui_generated\rs485_screen">
      <UniqueIdentifier>0665183C-A4AE-3B6D-E069-2E33310A4E5E</UniqueIdentifier>
    </Filter>
    <Filter Include="Source Files\generated\gui_generated\spi_screen">
      <UniqueIdentifier>8284F34B-DEFB-D3DF-F1A7-FD44352AE800</UniqueIdentifier>
    </Filter>
    <Filter Include="Source Files\generated\gui_generated\cdc_screen">
      <UniqueIdentifier>93157F71-C189-4CCF-0F9C-9A7DB3E5C795</UniqueIdentifier>
    </Filter>
    <Filter Include="Header Files\generated\gui_generated\rs232_screen">
      <UniqueIdentifier>27DFA115-858B-18A0-A5B8-16EEEA8C4BFF</UniqueIdentifier>
    </Filter>
    <Filter Include="Header Files\generated\gui_generated\cdc_screen">
      <UniqueIdentifier>00520C12-FBD4-77B6-914E-41F3BEF00BCA</UniqueIdentifier>
    </Filter>
    <Filter Include="Header Files\generated\gui_generated\spi_screen">
      <UniqueIdentifier>6570B438-B763-FC16-FD11-90955B78F7BA</UniqueIdentifier>
    </Filter>
    <Filter Include="Source Files\generated\gui_generated\rs232_screen">
      <UniqueIdentifier>24578EEC-9D98-8D95-0D1A-B0EEA8F25FF4</UniqueIdentifier>
    </Filter>
    <Filter Include="Header Files\generated\gui_generated\start_screen">
      <UniqueIdentifier>BF5B7EC5-6251-009B-CCE2-B60B2AF2FB87</UniqueIdentifier>
    </Filter>
    <Filter Include="Header Files\generated\gui_generated\gpio_screen">
      <UniqueIdentifier>399E7892-D3B8-C234-7A0A-895B6BD46C5E</UniqueIdentifier>
    </Filter>
    <Filter Include="Source Files\generated\gui_generated\start_screen">
      <UniqueIdentifier>4CE4F356-56FC-F61A-3CD1-CFBF4845137C</UniqueIdentifier>
    </Filter>
    <Filter Include="Header Files\generated\gui_generated\info_screen">
      <UniqueIdentifier>85D087FD-DC38-0761-F115-09F631890015</UniqueIdentifier>
    </Filter>
    <Filter Include="Source Files\generated\gui_generated\info_screen">
      <UniqueIdentifier>08C1035F-3214-69EE-90EF-5415DAFD614F</UniqueIdentifier>
    </Filter>
    <Filter Include="Header Files\generated\gui_generated\i2c_screen">
      <UniqueIdentifier>9AEAC185-A930-F761-9386-4172C16F38BB</UniqueIdentifier>
    </Filter>
    <Filter Include="Source Files\generated\gui_generated\i2c_screen">
      <UniqueIdentifier>CFC6B168-D0E1-AC4E-0EBC-9401BBC1A41C</UniqueIdentifier>
    </Filter>
    <Filter Include="Header Files\generated\gui_generated\hid_screen">
      <UniqueIdentifier>4B916DE5-B4E9-11AB-C693-2DAC6ABD9C0E</UniqueIdentifier>
    </Filter>
    <Filter Include="Source Files\generated\gui_generated\common">
      <UniqueIdentifier>802B8F32-9D91-3738-1933-4CD5A4A4FFF3</UniqueIdentifier>
    </Filter>
    <Filter Include="Source Files\generated\gui_generated\hid_screen">
      <UniqueIdentifier>F9B9A84F-8734-794D-23E0-1B32AE99D8E0</UniqueIdentifier>
    </Filter>
    <Filter Include="Header Files\generated\simulator\include\simulator">
      <UniqueIdentifier>FE948901-63EC-D281-5B91-F63787D20F36</UniqueIdentifier>
    </Filter>
    <Filter Include="Header Files\generated\simulator\include\simulator\video">
      <UniqueIdentifier>0E9E06B3-11D1-E5FC-917E-3261C3255A12</UniqueIdentifier>
    </Filter>
  </ItemGroup>
  <ItemGroup>
    <ClCompile Include="$(TouchGFXReleasePath)\framework\source\platform\driver\touch\SDL2TouchController.cpp">
      <Filter>Source Files\TouchGFX\platform\driver\touch</Filter>
    </ClCompile>
    <ClCompile Include="$(TouchGFXReleasePath)\framework\source\platform\hal\simulator\sdl2\HALSDL2.cpp">
      <Filter>Source Files\TouchGFX\platform\hal\simulator\sdl2</Filter>
    </ClCompile>
    <ClCompile Include="$(TouchGFXReleasePath)\framework\source\platform\hal\simulator\sdl2\HALSDL2_icon.cpp">
      <Filter>Source Files\TouchGFX\platform\hal\simulator\sdl2</Filter>
    </ClCompile>
    <ClCompile Include="$(TouchGFXReleasePath)\framework\source\platform\hal\simulator\sdl2\OSWrappers.cpp">
      <Filter>Source Files\TouchGFX\platform\hal\simulator\sdl2</Filter>
    </ClCompile>
    <ClCompile Include="$(ApplicationRoot)\simulator\main.cpp">
      <Filter>Source Files\simulator</Filter>
    </ClCompile>
    <ClCompile Include="$(ApplicationRoot)\generated\simulator\src\mainBase.cpp">
      <Filter>Source Files\generated\simulator</Filter>
    </ClCompile>
    <ClCompile Include="..\..\gui\src\can_screen\CANPresenter.cpp">
      <Filter>Source Files\gui\can_screen</Filter>
    </ClCompile>
    <ClCompile Include="..\..\gui\src\can_screen\CANView.cpp">
      <Filter>Source Files\gui\can_screen</Filter>
    </ClCompile>
    <ClCompile Include="..\..\generated\gui_generated\src\can_screen\CANViewBase.cpp">
      <Filter>Source Files\generated\gui_generated\can_screen</Filter>
    </ClCompile>
    <ClCompile Include="..\..\gui\src\cdc_screen\CDCPresenter.cpp">
      <Filter>Source Files\gui\cdc_screen</Filter>
    </ClCompile>
    <ClCompile Include="..\..\gui\src\cdc_screen\CDCView.cpp">
      <Filter>Source Files\gui\cdc_screen</Filter>
    </ClCompile>
    <ClCompile Include="..\..\generated\gui_generated\src\cdc_screen\CDCViewBase.cpp">
      <Filter>Source Files\generated\gui_generated\cdc_screen</Filter>
    </ClCompile>
    <ClCompile Include="..\..\gui\src\widget\edt_f7xxh7xx_CANAPI.c">
      <Filter>Source Files\gui\widget</Filter>
    </ClCompile>
    <ClCompile Include="..\..\gui\src\widget\edt_f7xxh7xx_TestAPI.c">
      <Filter>Source Files\gui\widget</Filter>
    </ClCompile>
    <ClCompile Include="..\..\gui\src\widget\edt_f7xxh7xx_USARTAPI.c">
      <Filter>Source Files\gui\widget</Filter>
    </ClCompile>
    <ClCompile Include="..\..\gui\src\common\FrontendApplication.cpp">
      <Filter>Source Files\gui\common</Filter>
    </ClCompile>
    <ClCompile Include="..\..\generated\gui_generated\src\common\FrontendApplicationBase.cpp">
      <Filter>Source Files\generated\gui_generated\common</Filter>
    </ClCompile>
    <ClCompile Include="..\..\gui\src\gpio_screen\GPIOPresenter.cpp">
      <Filter>Source Files\gui\gpio_screen</Filter>
    </ClCompile>
    <ClCompile Include="..\..\gui\src\gpio_screen\GPIOView.cpp">
      <Filter>Source Files\gui\gpio_screen</Filter>
    </ClCompile>
    <ClCompile Include="..\..\generated\gui_generated\src\gpio_screen\GPIOViewBase.cpp">
      <Filter>Source Files\generated\gui_generated\gpio_screen</Filter>
    </ClCompile>
    <ClCompile Include="..\..\gui\src\hid_screen\HIDPresenter.cpp">
      <Filter>Source Files\gui\hid_screen</Filter>
    </ClCompile>
    <ClCompile Include="..\..\gui\src\hid_screen\HIDView.cpp">
      <Filter>Source Files\gui\hid_screen</Filter>
    </ClCompile>
    <ClCompile Include="..\..\generated\gui_generated\src\hid_screen\HIDViewBase.cpp">
      <Filter>Source Files\generated\gui_generated\hid_screen</Filter>
    </ClCompile>
    <ClCompile Include="..\..\gui\src\i2c_screen\I2CPresenter.cpp">
      <Filter>Source Files\gui\i2c_screen</Filter>
    </ClCompile>
    <ClCompile Include="..\..\gui\src\i2c_screen\I2CView.cpp">
      <Filter>Source Files\gui\i2c_screen</Filter>
    </ClCompile>
    <ClCompile Include="..\..\generated\gui_generated\src\i2c_screen\I2CViewBase.cpp">
      <Filter>Source Files\generated\gui_generated\i2c_screen</Filter>
    </ClCompile>
    <ClCompile Include="..\..\gui\src\info_screen\INFOPresenter.cpp">
      <Filter>Source Files\gui\info_screen</Filter>
    </ClCompile>
    <ClCompile Include="..\..\gui\src\info_screen\INFOView.cpp">
      <Filter>Source Files\gui\info_screen</Filter>
    </ClCompile>
    <ClCompile Include="..\..\generated\gui_generated\src\info_screen\INFOViewBase.cpp">
      <Filter>Source Files\generated\gui_generated\info_screen</Filter>
    </ClCompile>
    <ClCompile Include="..\..\gui\src\model\Model.cpp">
      <Filter>Source Files\gui\model</Filter>
    </ClCompile>
    <ClCompile Include="..\..\gui\src\rs232_screen\RS232Presenter.cpp">
      <Filter>Source Files\gui\rs232_screen</Filter>
    </ClCompile>
    <ClCompile Include="..\..\gui\src\rs232_screen\RS232View.cpp">
      <Filter>Source Files\gui\rs232_screen</Filter>
    </ClCompile>
    <ClCompile Include="..\..\generated\gui_generated\src\rs232_screen\RS232ViewBase.cpp">
      <Filter>Source Files\generated\gui_generated\rs232_screen</Filter>
    </ClCompile>
    <ClCompile Include="..\..\gui\src\rs485_screen\RS485Presenter.cpp">
      <Filter>Source Files\gui\rs485_screen</Filter>
    </ClCompile>
    <ClCompile Include="..\..\gui\src\rs485_screen\RS485View.cpp">
      <Filter>Source Files\gui\rs485_screen</Filter>
    </ClCompile>
    <ClCompile Include="..\..\generated\gui_generated\src\rs485_screen\RS485ViewBase.cpp">
      <Filter>Source Files\generated\gui_generated\rs485_screen</Filter>
    </ClCompile>
    <ClCompile Include="..\..\gui\src\select_screen\SelectPresenter.cpp">
      <Filter>Source Files\gui\select_screen</Filter>
    </ClCompile>
    <ClCompile Include="..\..\gui\src\select_screen\SelectView.cpp">
      <Filter>Source Files\gui\select_screen</Filter>
    </ClCompile>
    <ClCompile Include="..\..\generated\gui_generated\src\select_screen\SelectViewBase.cpp">
      <Filter>Source Files\generated\gui_generated\select_screen</Filter>
    </ClCompile>
    <ClCompile Include="..\..\generated\simulator\src\video\SoftwareMJPEGDecoder.cpp">
      <Filter>Source Files\generated\simulator\video</Filter>
    </ClCompile>
    <ClCompile Include="..\..\gui\src\spi_screen\SPIPresenter.cpp">
      <Filter>Source Files\gui\spi_screen</Filter>
    </ClCompile>
    <ClCompile Include="..\..\gui\src\spi_screen\SPIView.cpp">
      <Filter>Source Files\gui\spi_screen</Filter>
    </ClCompile>
    <ClCompile Include="..\..\generated\gui_generated\src\spi_screen\SPIViewBase.cpp">
      <Filter>Source Files\generated\gui_generated\spi_screen</Filter>
    </ClCompile>
    <ClCompile Include="..\..\gui\src\start_screen\StartPresenter.cpp">
      <Filter>Source Files\gui\start_screen</Filter>
    </ClCompile>
    <ClCompile Include="..\..\gui\src\start_screen\StartView.cpp">
      <Filter>Source Files\gui\start_screen</Filter>
    </ClCompile>
    <ClCompile Include="..\..\generated\gui_generated\src\start_screen\StartViewBase.cpp">
      <Filter>Source Files\generated\gui_generated\start_screen</Filter>
    </ClCompile>
  </ItemGroup>
  <ItemGroup>
    <None Include="$(ApplicationRoot)\assets\texts\texts.xml">
      <Filter>Resource Files\assets\texts</Filter>
    </None>
    <None Include="$(ApplicationRoot)\config\msvs\Application.props">
      <Filter>Resource Files\config\msvs</Filter>
    </None>
  </ItemGroup>
  <ItemGroup>
    <ClInclude Include="$(TouchGFXReleasePath)\framework\include\common\AbstractPartition.hpp">
      <Filter>Header Files\TouchGFX\common</Filter>
    </ClInclude>
    <ClInclude Include="$(TouchGFXReleasePath)\framework\include\common\Meta.hpp">
      <Filter>Header Files\TouchGFX\common</Filter>
    </ClInclude>
    <ClInclude Include="$(TouchGFXReleasePath)\framework\include\common\Partition.hpp">
      <Filter>Header Files\TouchGFX\common</Filter>
    </ClInclude>
    <ClInclude Include="$(TouchGFXReleasePath)\framework\include\common\TouchGFXInit.hpp">
      <Filter>Header Files\TouchGFX\common</Filter>
    </ClInclude>
    <ClInclude Include="$(TouchGFXReleasePath)\framework\include\mvp\MVPApplication.hpp">
      <Filter>Header Files\TouchGFX\mvp</Filter>
    </ClInclude>
    <ClInclude Include="$(TouchGFXReleasePath)\framework\include\mvp\MVPHeap.hpp">
      <Filter>Header Files\TouchGFX\mvp</Filter>
    </ClInclude>
    <ClInclude Include="$(TouchGFXReleasePath)\framework\include\mvp\Presenter.hpp">
      <Filter>Header Files\TouchGFX\mvp</Filter>
    </ClInclude>
    <ClInclude Include="$(TouchGFXReleasePath)\framework\include\mvp\View.hpp">
      <Filter>Header Files\TouchGFX\mvp</Filter>
    </ClInclude>
    <ClInclude Include="$(TouchGFXReleasePath)\framework\include\platform\driver\lcd\LCD16bpp.hpp">
      <Filter>Header Files\TouchGFX\platform\driver\lcd</Filter>
    </ClInclude>
    <ClInclude Include="$(TouchGFXReleasePath)\framework\include\platform\driver\lcd\LCD1bpp.hpp">
      <Filter>Header Files\TouchGFX\platform\driver\lcd</Filter>
    </ClInclude>
    <ClInclude Include="$(TouchGFXReleasePath)\framework\include\platform\driver\lcd\LCD24bpp.hpp">
      <Filter>Header Files\TouchGFX\platform\driver\lcd</Filter>
    </ClInclude>
    <ClInclude Include="$(TouchGFXReleasePath)\framework\include\platform\driver\lcd\LCD2bpp.hpp">
      <Filter>Header Files\TouchGFX\platform\driver\lcd</Filter>
    </ClInclude>
    <ClInclude Include="$(TouchGFXReleasePath)\framework\include\platform\driver\lcd\LCD4bpp.hpp">
      <Filter>Header Files\TouchGFX\platform\driver\lcd</Filter>
    </ClInclude>
    <ClInclude Include="$(TouchGFXReleasePath)\framework\include\platform\driver\touch\SDL2TouchController.hpp">
      <Filter>Header Files\TouchGFX\platform\driver\touch</Filter>
    </ClInclude>
    <ClInclude Include="$(TouchGFXReleasePath)\framework\include\platform\hal\simulator\sdl2\HALSDL2.hpp">
      <Filter>Header Files\TouchGFX\platform\hal\simulator\sdl2</Filter>
    </ClInclude>
    <ClInclude Include="$(TouchGFXReleasePath)\framework\include\touchgfx\Application.hpp">
      <Filter>Header Files\TouchGFX\touchgfx</Filter>
    </ClInclude>
    <ClInclude Include="$(TouchGFXReleasePath)\framework\include\touchgfx\Bitmap.hpp">
      <Filter>Header Files\TouchGFX\touchgfx</Filter>
    </ClInclude>
    <ClInclude Include="$(TouchGFXReleasePath)\framework\include\touchgfx\Callback.hpp">
      <Filter>Header Files\TouchGFX\touchgfx</Filter>
    </ClInclude>
    <ClInclude Include="$(TouchGFXReleasePath)\framework\include\touchgfx\canvas_widget_renderer\CanvasWidgetRenderer.hpp">
      <Filter>Header Files\TouchGFX\touchgfx\canvas_widget_renderer</Filter>
    </ClInclude>
    <ClInclude Include="$(TouchGFXReleasePath)\framework\include\touchgfx\canvas_widget_renderer\Cell.hpp">
      <Filter>Header Files\TouchGFX\touchgfx\canvas_widget_renderer</Filter>
    </ClInclude>
    <ClInclude Include="$(TouchGFXReleasePath)\framework\include\touchgfx\canvas_widget_renderer\Outline.hpp">
      <Filter>Header Files\TouchGFX\touchgfx\canvas_widget_renderer</Filter>
    </ClInclude>
    <ClInclude Include="$(TouchGFXReleasePath)\framework\include\touchgfx\canvas_widget_renderer\Rasterizer.hpp">
      <Filter>Header Files\TouchGFX\touchgfx\canvas_widget_renderer</Filter>
    </ClInclude>
    <ClInclude Include="$(TouchGFXReleasePath)\framework\include\touchgfx\canvas_widget_renderer\Renderer.hpp">
      <Filter>Header Files\TouchGFX\touchgfx\canvas_widget_renderer</Filter>
    </ClInclude>
    <ClInclude Include="$(TouchGFXReleasePath)\framework\include\touchgfx\canvas_widget_renderer\RenderingBuffer.hpp">
      <Filter>Header Files\TouchGFX\touchgfx\canvas_widget_renderer</Filter>
    </ClInclude>
    <ClInclude Include="$(TouchGFXReleasePath)\framework\include\touchgfx\canvas_widget_renderer\RGBA8.hpp">
      <Filter>Header Files\TouchGFX\touchgfx\canvas_widget_renderer</Filter>
    </ClInclude>
    <ClInclude Include="$(TouchGFXReleasePath)\framework\include\touchgfx\canvas_widget_renderer\Scanline.hpp">
      <Filter>Header Files\TouchGFX\touchgfx\canvas_widget_renderer</Filter>
    </ClInclude>
    <ClInclude Include="$(TouchGFXReleasePath)\framework\include\touchgfx\Color.hpp">
      <Filter>Header Files\TouchGFX\touchgfx</Filter>
    </ClInclude>
    <ClInclude Include="$(TouchGFXReleasePath)\framework\include\touchgfx\ConstFont.hpp">
      <Filter>Header Files\TouchGFX\touchgfx</Filter>
    </ClInclude>
    <ClInclude Include="$(TouchGFXReleasePath)\framework\include\touchgfx\containers\clock\AbstractClock.hpp">
      <Filter>Header Files\TouchGFX\touchgfx\containers\clock</Filter>
    </ClInclude>
    <ClInclude Include="$(TouchGFXReleasePath)\framework\include\touchgfx\containers\clock\AnalogClock.hpp">
      <Filter>Header Files\TouchGFX\touchgfx\containers\clock</Filter>
    </ClInclude>
    <ClInclude Include="$(TouchGFXReleasePath)\framework\include\touchgfx\containers\clock\DigitalClock.hpp">
      <Filter>Header Files\TouchGFX\touchgfx\containers\clock</Filter>
    </ClInclude>
    <ClInclude Include="$(TouchGFXReleasePath)\framework\include\touchgfx\containers\Container.hpp">
      <Filter>Header Files\TouchGFX\touchgfx\containers</Filter>
    </ClInclude>
    <ClInclude Include="$(TouchGFXReleasePath)\framework\include\touchgfx\containers\ListLayout.hpp">
      <Filter>Header Files\TouchGFX\touchgfx\containers</Filter>
    </ClInclude>
    <ClInclude Include="$(TouchGFXReleasePath)\framework\include\touchgfx\containers\ModalWindow.hpp">
      <Filter>Header Files\TouchGFX\touchgfx\containers</Filter>
    </ClInclude>
    <ClInclude Include="$(TouchGFXReleasePath)\framework\include\touchgfx\containers\progress_indicators\AbstractDirectionProgress.hpp">
      <Filter>Header Files\TouchGFX\touchgfx\containers\progress_indicators</Filter>
    </ClInclude>
    <ClInclude Include="$(TouchGFXReleasePath)\framework\include\touchgfx\containers\progress_indicators\AbstractProgressIndicator.hpp">
      <Filter>Header Files\TouchGFX\touchgfx\containers\progress_indicators</Filter>
    </ClInclude>
    <ClInclude Include="$(TouchGFXReleasePath)\framework\include\touchgfx\containers\progress_indicators\BoxProgress.hpp">
      <Filter>Header Files\TouchGFX\touchgfx\containers\progress_indicators</Filter>
    </ClInclude>
    <ClInclude Include="$(TouchGFXReleasePath)\framework\include\touchgfx\containers\progress_indicators\CircleProgress.hpp">
      <Filter>Header Files\TouchGFX\touchgfx\containers\progress_indicators</Filter>
    </ClInclude>
    <ClInclude Include="$(TouchGFXReleasePath)\framework\include\touchgfx\containers\progress_indicators\ImageProgress.hpp">
      <Filter>Header Files\TouchGFX\touchgfx\containers\progress_indicators</Filter>
    </ClInclude>
    <ClInclude Include="$(TouchGFXReleasePath)\framework\include\touchgfx\containers\progress_indicators\LineProgress.hpp">
      <Filter>Header Files\TouchGFX\touchgfx\containers\progress_indicators</Filter>
    </ClInclude>
    <ClInclude Include="$(TouchGFXReleasePath)\framework\include\touchgfx\containers\progress_indicators\TextProgress.hpp">
      <Filter>Header Files\TouchGFX\touchgfx\containers\progress_indicators</Filter>
    </ClInclude>
    <ClInclude Include="$(TouchGFXReleasePath)\framework\include\touchgfx\containers\ScrollableContainer.hpp">
      <Filter>Header Files\TouchGFX\touchgfx\containers</Filter>
    </ClInclude>
    <ClInclude Include="$(TouchGFXReleasePath)\framework\include\touchgfx\containers\SlideMenu.hpp">
      <Filter>Header Files\TouchGFX\touchgfx\containers</Filter>
    </ClInclude>
    <ClInclude Include="$(TouchGFXReleasePath)\framework\include\touchgfx\containers\Slider.hpp">
      <Filter>Header Files\TouchGFX\touchgfx\containers</Filter>
    </ClInclude>
    <ClInclude Include="$(TouchGFXReleasePath)\framework\include\touchgfx\containers\ZoomAnimationImage.hpp">
      <Filter>Header Files\TouchGFX\touchgfx\containers</Filter>
    </ClInclude>
    <ClInclude Include="$(TouchGFXReleasePath)\framework\include\touchgfx\Drawable.hpp">
      <Filter>Header Files\TouchGFX\touchgfx</Filter>
    </ClInclude>
    <ClInclude Include="$(TouchGFXReleasePath)\framework\include\touchgfx\EasingEquations.hpp">
      <Filter>Header Files\TouchGFX\touchgfx</Filter>
    </ClInclude>
    <ClInclude Include="$(TouchGFXReleasePath)\framework\include\touchgfx\Event.hpp">
      <Filter>Header Files\TouchGFX\touchgfx</Filter>
    </ClInclude>
    <ClInclude Include="$(TouchGFXReleasePath)\framework\include\touchgfx\events\ClickEvent.hpp">
      <Filter>Header Files\TouchGFX\touchgfx\events</Filter>
    </ClInclude>
    <ClInclude Include="$(TouchGFXReleasePath)\framework\include\touchgfx\events\DragEvent.hpp">
      <Filter>Header Files\TouchGFX\touchgfx\events</Filter>
    </ClInclude>
    <ClInclude Include="$(TouchGFXReleasePath)\framework\include\touchgfx\events\GestureEvent.hpp">
      <Filter>Header Files\TouchGFX\touchgfx\events</Filter>
    </ClInclude>
    <ClInclude Include="$(TouchGFXReleasePath)\framework\include\touchgfx\Font.hpp">
      <Filter>Header Files\TouchGFX\touchgfx</Filter>
    </ClInclude>
    <ClInclude Include="$(TouchGFXReleasePath)\framework\include\touchgfx\FontManager.hpp">
      <Filter>Header Files\TouchGFX\touchgfx</Filter>
    </ClInclude>
    <ClInclude Include="$(TouchGFXReleasePath)\framework\include\touchgfx\hal\Atomic.hpp">
      <Filter>Header Files\TouchGFX\touchgfx\hal</Filter>
    </ClInclude>
    <ClInclude Include="$(TouchGFXReleasePath)\framework\include\touchgfx\hal\BlitOp.hpp">
      <Filter>Header Files\TouchGFX\touchgfx\hal</Filter>
    </ClInclude>
    <ClInclude Include="$(TouchGFXReleasePath)\framework\include\touchgfx\hal\BoardConfiguration.hpp">
      <Filter>Header Files\TouchGFX\touchgfx\hal</Filter>
    </ClInclude>
    <ClInclude Include="$(TouchGFXReleasePath)\framework\include\touchgfx\hal\Buttons.hpp">
      <Filter>Header Files\TouchGFX\touchgfx\hal</Filter>
    </ClInclude>
    <ClInclude Include="$(TouchGFXReleasePath)\framework\include\touchgfx\hal\Config.hpp">
      <Filter>Header Files\TouchGFX\touchgfx\hal</Filter>
    </ClInclude>
    <ClInclude Include="$(TouchGFXReleasePath)\framework\include\touchgfx\hal\DMA.hpp">
      <Filter>Header Files\TouchGFX\touchgfx\hal</Filter>
    </ClInclude>
    <ClInclude Include="$(TouchGFXReleasePath)\framework\include\touchgfx\hal\Gestures.hpp">
      <Filter>Header Files\TouchGFX\touchgfx\hal</Filter>
    </ClInclude>
    <ClInclude Include="$(TouchGFXReleasePath)\framework\include\touchgfx\hal\GPIO.hpp">
      <Filter>Header Files\TouchGFX\touchgfx\hal</Filter>
    </ClInclude>
    <ClInclude Include="$(TouchGFXReleasePath)\framework\include\touchgfx\hal\HAL.hpp">
      <Filter>Header Files\TouchGFX\touchgfx\hal</Filter>
    </ClInclude>
    <ClInclude Include="$(TouchGFXReleasePath)\framework\include\touchgfx\hal\LED.hpp">
      <Filter>Header Files\TouchGFX\touchgfx\hal</Filter>
    </ClInclude>
    <ClInclude Include="$(TouchGFXReleasePath)\framework\include\touchgfx\hal\NoDMA.hpp">
      <Filter>Header Files\TouchGFX\touchgfx\hal</Filter>
    </ClInclude>
    <ClInclude Include="$(TouchGFXReleasePath)\framework\include\touchgfx\hal\OSWrappers.hpp">
      <Filter>Header Files\TouchGFX\touchgfx\hal</Filter>
    </ClInclude>
    <ClInclude Include="$(TouchGFXReleasePath)\framework\include\touchgfx\hal\Types.hpp">
      <Filter>Header Files\TouchGFX\touchgfx\hal</Filter>
    </ClInclude>
    <ClInclude Include="$(TouchGFXReleasePath)\framework\include\touchgfx\InternalFlashFont.hpp">
      <Filter>Header Files\TouchGFX\touchgfx</Filter>
    </ClInclude>
    <ClInclude Include="$(TouchGFXReleasePath)\framework\include\touchgfx\JSMOCHelper.hpp">
      <Filter>Header Files\TouchGFX\touchgfx</Filter>
    </ClInclude>
    <ClInclude Include="$(TouchGFXReleasePath)\framework\include\touchgfx\lcd\LCD.hpp">
      <Filter>Header Files\TouchGFX\touchgfx\lcd</Filter>
    </ClInclude>
    <ClInclude Include="$(TouchGFXReleasePath)\framework\include\touchgfx\Math3D.hpp">
      <Filter>Header Files\TouchGFX\touchgfx</Filter>
    </ClInclude>
    <ClInclude Include="$(TouchGFXReleasePath)\framework\include\touchgfx\mixins\ClickListener.hpp">
      <Filter>Header Files\TouchGFX\touchgfx\mixins</Filter>
    </ClInclude>
    <ClInclude Include="$(TouchGFXReleasePath)\framework\include\touchgfx\mixins\Draggable.hpp">
      <Filter>Header Files\TouchGFX\touchgfx\mixins</Filter>
    </ClInclude>
    <ClInclude Include="$(TouchGFXReleasePath)\framework\include\touchgfx\mixins\FadeAnimator.hpp">
      <Filter>Header Files\TouchGFX\touchgfx\mixins</Filter>
    </ClInclude>
    <ClInclude Include="$(TouchGFXReleasePath)\framework\include\touchgfx\mixins\MoveAnimator.hpp">
      <Filter>Header Files\TouchGFX\touchgfx\mixins</Filter>
    </ClInclude>
    <ClInclude Include="$(TouchGFXReleasePath)\framework\include\touchgfx\mixins\PreRenderable.hpp">
      <Filter>Header Files\TouchGFX\touchgfx\mixins</Filter>
    </ClInclude>
    <ClInclude Include="$(TouchGFXReleasePath)\framework\include\touchgfx\mixins\Snapper.hpp">
      <Filter>Header Files\TouchGFX\touchgfx\mixins</Filter>
    </ClInclude>
    <ClInclude Include="$(TouchGFXReleasePath)\framework\include\touchgfx\Screen.hpp">
      <Filter>Header Files\TouchGFX\touchgfx</Filter>
    </ClInclude>
    <ClInclude Include="$(TouchGFXReleasePath)\framework\include\touchgfx\TextProvider.hpp">
      <Filter>Header Files\TouchGFX\touchgfx</Filter>
    </ClInclude>
    <ClInclude Include="$(TouchGFXReleasePath)\framework\include\touchgfx\Texts.hpp">
      <Filter>Header Files\TouchGFX\touchgfx</Filter>
    </ClInclude>
    <ClInclude Include="$(TouchGFXReleasePath)\framework\include\touchgfx\TextureMapTypes.hpp">
      <Filter>Header Files\TouchGFX\touchgfx</Filter>
    </ClInclude>
    <ClInclude Include="$(TouchGFXReleasePath)\framework\include\touchgfx\transforms\DisplayTransformation.hpp">
      <Filter>Header Files\TouchGFX\touchgfx\transforms</Filter>
    </ClInclude>
    <ClInclude Include="$(TouchGFXReleasePath)\framework\include\touchgfx\transforms\TouchCalibration.hpp">
      <Filter>Header Files\TouchGFX\touchgfx\transforms</Filter>
    </ClInclude>
    <ClInclude Include="$(TouchGFXReleasePath)\framework\include\touchgfx\transitions\NoTransition.hpp">
      <Filter>Header Files\TouchGFX\touchgfx\transitions</Filter>
    </ClInclude>
    <ClInclude Include="$(TouchGFXReleasePath)\framework\include\touchgfx\transitions\SlideTransition.hpp">
      <Filter>Header Files\TouchGFX\touchgfx\transitions</Filter>
    </ClInclude>
    <ClInclude Include="$(TouchGFXReleasePath)\framework\include\touchgfx\transitions\Transition.hpp">
      <Filter>Header Files\TouchGFX\touchgfx\transitions</Filter>
    </ClInclude>
    <ClInclude Include="$(TouchGFXReleasePath)\framework\include\touchgfx\TypedText.hpp">
      <Filter>Header Files\TouchGFX\touchgfx</Filter>
    </ClInclude>
    <ClInclude Include="$(TouchGFXReleasePath)\framework\include\touchgfx\UIEventListener.hpp">
      <Filter>Header Files\TouchGFX\touchgfx</Filter>
    </ClInclude>
    <ClInclude Include="$(TouchGFXReleasePath)\framework\include\touchgfx\Unicode.hpp">
      <Filter>Header Files\TouchGFX\touchgfx</Filter>
    </ClInclude>
    <ClInclude Include="$(TouchGFXReleasePath)\framework\include\touchgfx\Utils.hpp">
      <Filter>Header Files\TouchGFX\touchgfx</Filter>
    </ClInclude>
    <ClInclude Include="$(TouchGFXReleasePath)\framework\include\touchgfx\widgets\AbstractButton.hpp">
      <Filter>Header Files\TouchGFX\touchgfx\widgets</Filter>
    </ClInclude>
    <ClInclude Include="$(TouchGFXReleasePath)\framework\include\touchgfx\widgets\AnimatedImage.hpp">
      <Filter>Header Files\TouchGFX\touchgfx\widgets</Filter>
    </ClInclude>
    <ClInclude Include="$(TouchGFXReleasePath)\framework\include\touchgfx\widgets\AnimationTextureMapper.hpp">
      <Filter>Header Files\TouchGFX\touchgfx\widgets</Filter>
    </ClInclude>
    <ClInclude Include="$(TouchGFXReleasePath)\framework\include\touchgfx\widgets\Box.hpp">
      <Filter>Header Files\TouchGFX\touchgfx\widgets</Filter>
    </ClInclude>
    <ClInclude Include="$(TouchGFXReleasePath)\framework\include\touchgfx\widgets\Button.hpp">
      <Filter>Header Files\TouchGFX\touchgfx\widgets</Filter>
    </ClInclude>
    <ClInclude Include="$(TouchGFXReleasePath)\framework\include\touchgfx\widgets\ButtonWithIcon.hpp">
      <Filter>Header Files\TouchGFX\touchgfx\widgets</Filter>
    </ClInclude>
    <ClInclude Include="$(TouchGFXReleasePath)\framework\include\touchgfx\widgets\ButtonWithLabel.hpp">
      <Filter>Header Files\TouchGFX\touchgfx\widgets</Filter>
    </ClInclude>
    <ClInclude Include="$(TouchGFXReleasePath)\framework\include\touchgfx\widgets\canvas\AbstractPainter.hpp">
      <Filter>Header Files\TouchGFX\touchgfx\widgets\canvas</Filter>
    </ClInclude>
    <ClInclude Include="$(TouchGFXReleasePath)\framework\include\touchgfx\widgets\canvas\AbstractPainterBW.hpp">
      <Filter>Header Files\TouchGFX\touchgfx\widgets\canvas</Filter>
    </ClInclude>
    <ClInclude Include="$(TouchGFXReleasePath)\framework\include\touchgfx\widgets\canvas\AbstractPainterGRAY2.hpp">
      <Filter>Header Files\TouchGFX\touchgfx\widgets\canvas</Filter>
    </ClInclude>
    <ClInclude Include="$(TouchGFXReleasePath)\framework\include\touchgfx\widgets\canvas\AbstractPainterGRAY4.hpp">
      <Filter>Header Files\TouchGFX\touchgfx\widgets\canvas</Filter>
    </ClInclude>
    <ClInclude Include="$(TouchGFXReleasePath)\framework\include\touchgfx\widgets\canvas\AbstractPainterRGB565.hpp">
      <Filter>Header Files\TouchGFX\touchgfx\widgets\canvas</Filter>
    </ClInclude>
    <ClInclude Include="$(TouchGFXReleasePath)\framework\include\touchgfx\widgets\canvas\AbstractPainterRGB888.hpp">
      <Filter>Header Files\TouchGFX\touchgfx\widgets\canvas</Filter>
    </ClInclude>
    <ClInclude Include="$(TouchGFXReleasePath)\framework\include\touchgfx\widgets\canvas\AbstractShape.hpp">
      <Filter>Header Files\TouchGFX\touchgfx\widgets\canvas</Filter>
    </ClInclude>
    <ClInclude Include="$(TouchGFXReleasePath)\framework\include\touchgfx\widgets\canvas\Canvas.hpp">
      <Filter>Header Files\TouchGFX\touchgfx\widgets\canvas</Filter>
    </ClInclude>
    <ClInclude Include="$(TouchGFXReleasePath)\framework\include\touchgfx\widgets\canvas\CanvasWidget.hpp">
      <Filter>Header Files\TouchGFX\touchgfx\widgets\canvas</Filter>
    </ClInclude>
    <ClInclude Include="$(TouchGFXReleasePath)\framework\include\touchgfx\widgets\canvas\Circle.hpp">
      <Filter>Header Files\TouchGFX\touchgfx\widgets\canvas</Filter>
    </ClInclude>
    <ClInclude Include="$(TouchGFXReleasePath)\framework\include\touchgfx\widgets\canvas\CWRUtil.hpp">
      <Filter>Header Files\TouchGFX\touchgfx\widgets\canvas</Filter>
    </ClInclude>
    <ClInclude Include="$(TouchGFXReleasePath)\framework\include\touchgfx\widgets\canvas\Line.hpp">
      <Filter>Header Files\TouchGFX\touchgfx\widgets\canvas</Filter>
    </ClInclude>
    <ClInclude Include="$(TouchGFXReleasePath)\framework\include\touchgfx\widgets\canvas\PainterBW.hpp">
      <Filter>Header Files\TouchGFX\touchgfx\widgets\canvas</Filter>
    </ClInclude>
    <ClInclude Include="$(TouchGFXReleasePath)\framework\include\touchgfx\widgets\canvas\PainterGRAY2.hpp">
      <Filter>Header Files\TouchGFX\touchgfx\widgets\canvas</Filter>
    </ClInclude>
    <ClInclude Include="$(TouchGFXReleasePath)\framework\include\touchgfx\widgets\canvas\PainterGRAY2Bitmap.hpp">
      <Filter>Header Files\TouchGFX\touchgfx\widgets\canvas</Filter>
    </ClInclude>
    <ClInclude Include="$(TouchGFXReleasePath)\framework\include\touchgfx\widgets\canvas\PainterGRAY4.hpp">
      <Filter>Header Files\TouchGFX\touchgfx\widgets\canvas</Filter>
    </ClInclude>
    <ClInclude Include="$(TouchGFXReleasePath)\framework\include\touchgfx\widgets\canvas\PainterGRAY4Bitmap.hpp">
      <Filter>Header Files\TouchGFX\touchgfx\widgets\canvas</Filter>
    </ClInclude>
    <ClInclude Include="$(TouchGFXReleasePath)\framework\include\touchgfx\widgets\canvas\PainterRGB565.hpp">
      <Filter>Header Files\TouchGFX\touchgfx\widgets\canvas</Filter>
    </ClInclude>
    <ClInclude Include="$(TouchGFXReleasePath)\framework\include\touchgfx\widgets\canvas\PainterRGB565Bitmap.hpp">
      <Filter>Header Files\TouchGFX\touchgfx\widgets\canvas</Filter>
    </ClInclude>
    <ClInclude Include="$(TouchGFXReleasePath)\framework\include\touchgfx\widgets\canvas\PainterRGB888.hpp">
      <Filter>Header Files\TouchGFX\touchgfx\widgets\canvas</Filter>
    </ClInclude>
    <ClInclude Include="$(TouchGFXReleasePath)\framework\include\touchgfx\widgets\canvas\PainterRGB888Bitmap.hpp">
      <Filter>Header Files\TouchGFX\touchgfx\widgets\canvas</Filter>
    </ClInclude>
    <ClInclude Include="$(TouchGFXReleasePath)\framework\include\touchgfx\widgets\canvas\Shape.hpp">
      <Filter>Header Files\TouchGFX\touchgfx\widgets\canvas</Filter>
    </ClInclude>
    <ClInclude Include="$(TouchGFXReleasePath)\framework\include\touchgfx\widgets\Image.hpp">
      <Filter>Header Files\TouchGFX\touchgfx\widgets</Filter>
    </ClInclude>
    <ClInclude Include="$(TouchGFXReleasePath)\framework\include\touchgfx\widgets\Keyboard.hpp">
      <Filter>Header Files\TouchGFX\touchgfx\widgets</Filter>
    </ClInclude>
    <ClInclude Include="$(TouchGFXReleasePath)\framework\include\touchgfx\widgets\PixelDataWidget.hpp">
      <Filter>Header Files\TouchGFX\touchgfx\widgets</Filter>
    </ClInclude>
    <ClInclude Include="$(TouchGFXReleasePath)\framework\include\touchgfx\widgets\RadioButton.hpp">
      <Filter>Header Files\TouchGFX\touchgfx\widgets</Filter>
    </ClInclude>
    <ClInclude Include="$(TouchGFXReleasePath)\framework\include\touchgfx\widgets\RadioButtonGroup.hpp">
      <Filter>Header Files\TouchGFX\touchgfx\widgets</Filter>
    </ClInclude>
    <ClInclude Include="$(TouchGFXReleasePath)\framework\include\touchgfx\widgets\RepeatButton.hpp">
      <Filter>Header Files\TouchGFX\touchgfx\widgets</Filter>
    </ClInclude>
    <ClInclude Include="$(TouchGFXReleasePath)\framework\include\touchgfx\widgets\ScalableImage.hpp">
      <Filter>Header Files\TouchGFX\touchgfx\widgets</Filter>
    </ClInclude>
    <ClInclude Include="$(TouchGFXReleasePath)\framework\include\touchgfx\widgets\SnapshotWidget.hpp">
      <Filter>Header Files\TouchGFX\touchgfx\widgets</Filter>
    </ClInclude>
    <ClInclude Include="$(TouchGFXReleasePath)\framework\include\touchgfx\widgets\TextArea.hpp">
      <Filter>Header Files\TouchGFX\touchgfx\widgets</Filter>
    </ClInclude>
    <ClInclude Include="$(TouchGFXReleasePath)\framework\include\touchgfx\widgets\TextAreaWithWildcard.hpp">
      <Filter>Header Files\TouchGFX\touchgfx\widgets</Filter>
    </ClInclude>
    <ClInclude Include="$(TouchGFXReleasePath)\framework\include\touchgfx\widgets\TextureMapper.hpp">
      <Filter>Header Files\TouchGFX\touchgfx\widgets</Filter>
    </ClInclude>
    <ClInclude Include="$(TouchGFXReleasePath)\framework\include\touchgfx\widgets\TiledImage.hpp">
      <Filter>Header Files\TouchGFX\touchgfx\widgets</Filter>
    </ClInclude>
    <ClInclude Include="$(TouchGFXReleasePath)\framework\include\touchgfx\widgets\ToggleButton.hpp">
      <Filter>Header Files\TouchGFX\touchgfx\widgets</Filter>
    </ClInclude>
    <ClInclude Include="$(TouchGFXReleasePath)\framework\include\touchgfx\widgets\TouchArea.hpp">
      <Filter>Header Files\TouchGFX\touchgfx\widgets</Filter>
    </ClInclude>
    <ClInclude Include="$(TouchGFXReleasePath)\framework\include\touchgfx\widgets\Widget.hpp">
      <Filter>Header Files\TouchGFX\touchgfx\widgets</Filter>
    </ClInclude>
    <ClInclude Include="$(ApplicationRoot)\generated\simulator\include\simulator\mainBase.hpp">
      <Filter>Header Files\generated\simulator</Filter>
    </ClInclude>
    <ClInclude Include="..\..\gui\include\gui\can_screen\CANPresenter.hpp">
      <Filter>Header Files\gui\can_screen</Filter>
    </ClInclude>
    <ClInclude Include="..\..\gui\include\gui\can_screen\CANView.hpp">
      <Filter>Header Files\gui\can_screen</Filter>
    </ClInclude>
    <ClInclude Include="..\..\generated\gui_generated\include\gui_generated\can_screen\CANViewBase.hpp">
      <Filter>Header Files\generated\gui_generated\can_screen</Filter>
    </ClInclude>
    <ClInclude Include="..\..\gui\include\gui\cdc_screen\CDCPresenter.hpp">
      <Filter>Header Files\gui\cdc_screen</Filter>
    </ClInclude>
    <ClInclude Include="..\..\gui\include\gui\cdc_screen\CDCView.hpp">
      <Filter>Header Files\gui\cdc_screen</Filter>
    </ClInclude>
    <ClInclude Include="..\..\generated\gui_generated\include\gui_generated\cdc_screen\CDCViewBase.hpp">
      <Filter>Header Files\generated\gui_generated\cdc_screen</Filter>
    </ClInclude>
    <ClInclude Include="..\..\generated\simulator\include\simulator\video\DirectFrameBufferVideoController.hpp">
      <Filter>Header Files\generated\simulator\include\simulator\video</Filter>
    </ClInclude>
    <ClInclude Include="..\..\gui\include\gui\widget\edt_f7xxh7xx_TestAPI.h">
      <Filter>Source Files\gui\widget</Filter>
    </ClInclude>
    <ClInclude Include="..\..\gui\include\gui\widget\edt_f7xxh7xx_USARTAPI.h">
      <Filter>Source Files\gui\widget</Filter>
    </ClInclude>
    <ClInclude Include="..\..\gui\include\gui\common\FrontendApplication.hpp">
      <Filter>Header Files\gui\common</Filter>
    </ClInclude>
    <ClInclude Include="..\..\generated\gui_generated\include\gui_generated\common\FrontendApplicationBase.hpp">
      <Filter>Header Files\generated\gui_generated\common</Filter>
    </ClInclude>
    <ClInclude Include="..\..\gui\include\gui\common\FrontendHeap.hpp">
      <Filter>Header Files\gui\common</Filter>
    </ClInclude>
    <ClInclude Include="..\..\generated\gui_generated\include\gui_generated\common\FrontendHeapBase.hpp">
      <Filter>Header Files\generated\gui_generated\common</Filter>
    </ClInclude>
    <ClInclude Include="..\..\gui\include\gui\gpio_screen\GPIOPresenter.hpp">
      <Filter>Header Files\gui\gpio_screen</Filter>
    </ClInclude>
    <ClInclude Include="..\..\gui\include\gui\gpio_screen\GPIOView.hpp">
      <Filter>Header Files\gui\gpio_screen</Filter>
    </ClInclude>
    <ClInclude Include="..\..\generated\gui_generated\include\gui_generated\gpio_screen\GPIOViewBase.hpp">
      <Filter>Header Files\generated\gui_generated\gpio_screen</Filter>
    </ClInclude>
    <ClInclude Include="..\..\gui\include\gui\hid_screen\HIDPresenter.hpp">
      <Filter>Header Files\gui\hid_screen</Filter>
    </ClInclude>
    <ClInclude Include="..\..\gui\include\gui\hid_screen\HIDView.hpp">
      <Filter>Header Files\gui\hid_screen</Filter>
    </ClInclude>
    <ClInclude Include="..\..\generated\gui_generated\include\gui_generated\hid_screen\HIDViewBase.hpp">
      <Filter>Header Files\generated\gui_generated\hid_screen</Filter>
    </ClInclude>
    <ClInclude Include="..\..\gui\include\gui\i2c_screen\I2CPresenter.hpp">
      <Filter>Header Files\gui\i2c_screen</Filter>
    </ClInclude>
    <ClInclude Include="..\..\gui\include\gui\i2c_screen\I2CView.hpp">
      <Filter>Header Files\gui\i2c_screen</Filter>
    </ClInclude>
    <ClInclude Include="..\..\generated\gui_generated\include\gui_generated\i2c_screen\I2CViewBase.hpp">
      <Filter>Header Files\generated\gui_generated\i2c_screen</Filter>
    </ClInclude>
    <ClInclude Include="..\..\gui\include\gui\info_screen\INFOPresenter.hpp">
      <Filter>Header Files\gui\info_screen</Filter>
    </ClInclude>
    <ClInclude Include="..\..\gui\include\gui\info_screen\INFOView.hpp">
      <Filter>Header Files\gui\info_screen</Filter>
    </ClInclude>
    <ClInclude Include="..\..\generated\gui_generated\include\gui_generated\info_screen\INFOViewBase.hpp">
      <Filter>Header Files\generated\gui_generated\info_screen</Filter>
    </ClInclude>
    <ClInclude Include="..\..\generated\simulator\include\simulator\video\MJPEGDecoder.hpp">
      <Filter>Header Files\generated\simulator\include\simulator\video</Filter>
    </ClInclude>
    <ClInclude Include="..\..\gui\include\gui\model\Model.hpp">
      <Filter>Header Files\gui\model</Filter>
    </ClInclude>
    <ClInclude Include="..\..\gui\include\gui\model\ModelListener.hpp">
      <Filter>Header Files\gui\model</Filter>
    </ClInclude>
    <ClInclude Include="..\..\gui\include\gui\rs232_screen\RS232Presenter.hpp">
      <Filter>Header Files\gui\rs232_screen</Filter>
    </ClInclude>
    <ClInclude Include="..\..\gui\include\gui\rs232_screen\RS232View.hpp">
      <Filter>Header Files\gui\rs232_screen</Filter>
    </ClInclude>
    <ClInclude Include="..\..\generated\gui_generated\include\gui_generated\rs232_screen\RS232ViewBase.hpp">
      <Filter>Header Files\generated\gui_generated\rs232_screen</Filter>
    </ClInclude>
    <ClInclude Include="..\..\gui\include\gui\rs485_screen\RS485Presenter.hpp">
      <Filter>Header Files\gui\rs485_screen</Filter>
    </ClInclude>
    <ClInclude Include="..\..\gui\include\gui\rs485_screen\RS485View.hpp">
      <Filter>Header Files\gui\rs485_screen</Filter>
    </ClInclude>
    <ClInclude Include="..\..\generated\gui_generated\include\gui_generated\rs485_screen\RS485ViewBase.hpp">
      <Filter>Header Files\generated\gui_generated\rs485_screen</Filter>
    </ClInclude>
    <ClInclude Include="..\..\gui\include\gui\select_screen\SelectPresenter.hpp">
      <Filter>Header Files\gui\select_screen</Filter>
    </ClInclude>
    <ClInclude Include="..\..\gui\include\gui\select_screen\SelectView.hpp">
      <Filter>Header Files\gui\select_screen</Filter>
    </ClInclude>
    <ClInclude Include="..\..\generated\gui_generated\include\gui_generated\select_screen\SelectViewBase.hpp">
      <Filter>Header Files\generated\gui_generated\select_screen</Filter>
    </ClInclude>
    <ClInclude Include="..\..\generated\gui_generated\include\gui_generated\common\SimConstants.hpp">
      <Filter>Header Files\generated\gui_generated\common</Filter>
    </ClInclude>
    <ClInclude Include="..\..\generated\simulator\include\simulator\video\SoftwareMJPEGDecoder.hpp">
      <Filter>Header Files\generated\simulator\include\simulator\video</Filter>
    </ClInclude>
    <ClInclude Include="..\..\gui\include\gui\spi_screen\SPIPresenter.hpp">
      <Filter>Header Files\gui\spi_screen</Filter>
    </ClInclude>
    <ClInclude Include="..\..\gui\include\gui\spi_screen\SPIView.hpp">
      <Filter>Header Files\gui\spi_screen</Filter>
    </ClInclude>
    <ClInclude Include="..\..\generated\gui_generated\include\gui_generated\spi_screen\SPIViewBase.hpp">
      <Filter>Header Files\generated\gui_generated\spi_screen</Filter>
    </ClInclude>
    <ClInclude Include="..\..\gui\include\gui\start_screen\StartPresenter.hpp">
      <Filter>Header Files\gui\start_screen</Filter>
    </ClInclude>
    <ClInclude Include="..\..\gui\include\gui\start_screen\StartView.hpp">
      <Filter>Header Files\gui\start_screen</Filter>
    </ClInclude>
    <ClInclude Include="..\..\generated\gui_generated\include\gui_generated\start_screen\StartViewBase.hpp">
      <Filter>Header Files\generated\gui_generated\start_screen</Filter>
    </ClInclude>
  </ItemGroup>
  <ItemGroup>
    <ResourceCompile Include="$(ApplicationRoot)\generated\simulator\touchgfx.rc">
      <Filter>Resource Files</Filter>
    </ResourceCompile>
  </ItemGroup>
</Project>
